
Microsoft Visual Studio Solution File, Format Version 12.00
# Visual Studio Version 17
VisualStudioVersion = 17.5.002.0
MinimumVisualStudioVersion = 10.0.40219.1
Project("{FAE04EC0-301F-11D3-BF4B-00C04F79EFBC}") = "suryami62", "suryami62\suryami62.csproj", "{BFDA3B13-F8E5-4C9D-89D6-9F2C89BF0168}"
EndProject
Global
	GlobalSection(SolutionConfigurationPlatforms) = preSolution
		Debug|Any CPU = Debug|Any CPU
		Release|Any CPU = Release|Any CPU
	EndGlobalSection
	GlobalSection(ProjectConfigurationPlatforms) = postSolution
		{BFDA3B13-F8E5-4C9D-89D6-9F2C89BF0168}.Debug|Any CPU.ActiveCfg = Debug|Any CPU
		{BFDA3B13-F8E5-4C9D-89D6-9F2C89BF0168}.Debug|Any CPU.Build.0 = Debug|Any CPU
		{BFDA3B13-F8E5-4C9D-89D6-9F2C89BF0168}.Release|Any CPU.ActiveCfg = Release|Any CPU
		{BFDA3B13-F8E5-4C9D-89D6-9F2C89BF0168}.Release|Any CPU.Build.0 = Release|Any CPU
	EndGlobalSection
	GlobalSection(SolutionProperties) = preSolution
		HideSolutionNode = FALSE
	EndGlobalSection
	GlobalSection(ExtensibilityGlobals) = postSolution
		SolutionGuid = {2598FCE9-130C-47EC-8080-DF8EF5770E36}
	EndGlobalSection
EndGlobal
